
Microsoft Visual Studio Solution File, Format Version 12.00
# Visual Studio 15
VisualStudioVersion = 15.0.27428.2011
MinimumVisualStudioVersion = 10.0.40219.1
Project("{9A19103F-16F7-4668-BE54-9A1E7A4F7556}") = "Vostok.ClusterClient.Transport", "Vostok.ClusterClient.Transport\Vostok.ClusterClient.Transport.csproj", "{41337F4D-B146-48A0-A8B8-BAF3C5EBA514}"
EndProject
Project("{9A19103F-16F7-4668-BE54-9A1E7A4F7556}") = "Vostok.ClusterClient.Transport.Tests", "Vostok.ClusterClient.Transport.Tests\Vostok.ClusterClient.Transport.Tests.csproj", "{87C54CC1-C3B8-4730-B55D-5DB6F9C3ABA3}"
EndProject
Project("{FAE04EC0-301F-11D3-BF4B-00C04F79EFBC}") = "Vostok.ClusterClient.Transport.Adapter.WebRequest", "Vostok.ClusterClient.Transport.Adapter.WebRequest\Vostok.ClusterClient.Transport.Adapter.WebRequest.csproj", "{90E06421-82F2-42AF-BEFC-A81CDFB4616E}"
EndProject
Project("{FAE04EC0-301F-11D3-BF4B-00C04F79EFBC}") = "Vostok.ClusterClient.Transport.Adapter.Sockets", "Vostok.ClusterClient.Transport.Adapter.Sockets\Vostok.ClusterClient.Transport.Adapter.Sockets.csproj", "{896C030E-98B4-44DE-AE26-DB55E586C06E}"
EndProject
Project("{FAE04EC0-301F-11D3-BF4B-00C04F79EFBC}") = "Vostok.ClusterClient.Transport.TestsShared", "..\vostok.clusterclient.transport.tests\Vostok.ClusterClient.Transport.Tests.Shared\Vostok.ClusterClient.Transport.Tests.Shared.csproj", "{AFEB1BB8-E806-4446-B493-C94F8F625A7D}"
EndProject
Global
	GlobalSection(SolutionConfigurationPlatforms) = preSolution
		Debug|Any CPU = Debug|Any CPU
		NoTests|Any CPU = NoTests|Any CPU
		Release|Any CPU = Release|Any CPU
	EndGlobalSection
	GlobalSection(ProjectConfigurationPlatforms) = postSolution
		{41337F4D-B146-48A0-A8B8-BAF3C5EBA514}.Debug|Any CPU.ActiveCfg = Debug|Any CPU
		{41337F4D-B146-48A0-A8B8-BAF3C5EBA514}.Debug|Any CPU.Build.0 = Debug|Any CPU
		{41337F4D-B146-48A0-A8B8-BAF3C5EBA514}.NoTests|Any CPU.ActiveCfg = Release|Any CPU
		{41337F4D-B146-48A0-A8B8-BAF3C5EBA514}.NoTests|Any CPU.Build.0 = Release|Any CPU
		{41337F4D-B146-48A0-A8B8-BAF3C5EBA514}.Release|Any CPU.ActiveCfg = Release|Any CPU
		{41337F4D-B146-48A0-A8B8-BAF3C5EBA514}.Release|Any CPU.Build.0 = Release|Any CPU
		{87C54CC1-C3B8-4730-B55D-5DB6F9C3ABA3}.Debug|Any CPU.ActiveCfg = Debug|Any CPU
		{87C54CC1-C3B8-4730-B55D-5DB6F9C3ABA3}.Debug|Any CPU.Build.0 = Debug|Any CPU
		{87C54CC1-C3B8-4730-B55D-5DB6F9C3ABA3}.NoTests|Any CPU.ActiveCfg = Release|Any CPU
		{87C54CC1-C3B8-4730-B55D-5DB6F9C3ABA3}.Release|Any CPU.ActiveCfg = Release|Any CPU
		{87C54CC1-C3B8-4730-B55D-5DB6F9C3ABA3}.Release|Any CPU.Build.0 = Release|Any CPU
		{90E06421-82F2-42AF-BEFC-A81CDFB4616E}.Debug|Any CPU.ActiveCfg = Debug|Any CPU
		{90E06421-82F2-42AF-BEFC-A81CDFB4616E}.Debug|Any CPU.Build.0 = Debug|Any CPU
		{90E06421-82F2-42AF-BEFC-A81CDFB4616E}.NoTests|Any CPU.ActiveCfg = Debug|Any CPU
		{90E06421-82F2-42AF-BEFC-A81CDFB4616E}.NoTests|Any CPU.Build.0 = Debug|Any CPU
		{90E06421-82F2-42AF-BEFC-A81CDFB4616E}.Release|Any CPU.ActiveCfg = Release|Any CPU
		{90E06421-82F2-42AF-BEFC-A81CDFB4616E}.Release|Any CPU.Build.0 = Release|Any CPU
		{896C030E-98B4-44DE-AE26-DB55E586C06E}.Debug|Any CPU.ActiveCfg = Debug|Any CPU
		{896C030E-98B4-44DE-AE26-DB55E586C06E}.Debug|Any CPU.Build.0 = Debug|Any CPU
		{896C030E-98B4-44DE-AE26-DB55E586C06E}.NoTests|Any CPU.ActiveCfg = Debug|Any CPU
		{896C030E-98B4-44DE-AE26-DB55E586C06E}.NoTests|Any CPU.Build.0 = Debug|Any CPU
		{896C030E-98B4-44DE-AE26-DB55E586C06E}.Release|Any CPU.ActiveCfg = Release|Any CPU
		{896C030E-98B4-44DE-AE26-DB55E586C06E}.Release|Any CPU.Build.0 = Release|Any CPU
		{AFEB1BB8-E806-4446-B493-C94F8F625A7D}.Debug|Any CPU.ActiveCfg = Debug|Any CPU
		{AFEB1BB8-E806-4446-B493-C94F8F625A7D}.Debug|Any CPU.Build.0 = Debug|Any CPU
		{AFEB1BB8-E806-4446-B493-C94F8F625A7D}.NoTests|Any CPU.ActiveCfg = Debug|Any CPU
		{AFEB1BB8-E806-4446-B493-C94F8F625A7D}.NoTests|Any CPU.Build.0 = Debug|Any CPU
		{AFEB1BB8-E806-4446-B493-C94F8F625A7D}.Release|Any CPU.ActiveCfg = Release|Any CPU
		{AFEB1BB8-E806-4446-B493-C94F8F625A7D}.Release|Any CPU.Build.0 = Release|Any CPU
	EndGlobalSection
	GlobalSection(SolutionProperties) = preSolution
		HideSolutionNode = FALSE
	EndGlobalSection
	GlobalSection(ExtensibilityGlobals) = postSolution
		SolutionGuid = {579E5AB3-D57F-47D7-A3C3-6B25E63085D7}
	EndGlobalSection
EndGlobal
